
Microsoft Visual Studio Solution File, Format Version 12.00
# Visual Studio Version 17
VisualStudioVersion = 17.8.34330.188
MinimumVisualStudioVersion = 10.0.40219.1
Project("{9A19103F-16F7-4668-BE54-9A1E7A4F7556}") = "CalculoCDB.Tests", "CalculoCDB.Tests\CalculoCDB.Tests.csproj", "{3F095DDE-F777-4BC3-93A5-F26269FAC663}"
EndProject
Project("{FAE04EC0-301F-11D3-BF4B-00C04F79EFBC}") = "CalculoCDB.Domain", "CalculoCDB.Domain\CalculoCDB.Domain.csproj", "{554D0D25-95F0-4269-8749-973422CFF298}"
EndProject
Project("{FAE04EC0-301F-11D3-BF4B-00C04F79EFBC}") = "CalculoCDB.CrossCutting", "CalculoCDB.CrossCutting\CalculoCDB.CrossCutting.csproj", "{EA18EC6B-C26B-4578-9125-6FB8904596BD}"
EndProject
Project("{FAE04EC0-301F-11D3-BF4B-00C04F79EFBC}") = "CalculoCDB.Service", "CalculoCDB.Service\CalculoCDB.Service.csproj", "{71A5AF43-9182-48E1-B988-2D41EFAF94D3}"
EndProject
Global
	GlobalSection(SolutionConfigurationPlatforms) = preSolution
		Debug|Any CPU = Debug|Any CPU
		Release|Any CPU = Release|Any CPU
	EndGlobalSection
	GlobalSection(ProjectConfigurationPlatforms) = postSolution
		{3F095DDE-F777-4BC3-93A5-F26269FAC663}.Debug|Any CPU.ActiveCfg = Debug|Any CPU
		{3F095DDE-F777-4BC3-93A5-F26269FAC663}.Debug|Any CPU.Build.0 = Debug|Any CPU
		{3F095DDE-F777-4BC3-93A5-F26269FAC663}.Release|Any CPU.ActiveCfg = Release|Any CPU
		{3F095DDE-F777-4BC3-93A5-F26269FAC663}.Release|Any CPU.Build.0 = Release|Any CPU
		{554D0D25-95F0-4269-8749-973422CFF298}.Debug|Any CPU.ActiveCfg = Debug|Any CPU
		{554D0D25-95F0-4269-8749-973422CFF298}.Debug|Any CPU.Build.0 = Debug|Any CPU
		{554D0D25-95F0-4269-8749-973422CFF298}.Release|Any CPU.ActiveCfg = Release|Any CPU
		{554D0D25-95F0-4269-8749-973422CFF298}.Release|Any CPU.Build.0 = Release|Any CPU
		{EA18EC6B-C26B-4578-9125-6FB8904596BD}.Debug|Any CPU.ActiveCfg = Debug|Any CPU
		{EA18EC6B-C26B-4578-9125-6FB8904596BD}.Debug|Any CPU.Build.0 = Debug|Any CPU
		{EA18EC6B-C26B-4578-9125-6FB8904596BD}.Release|Any CPU.ActiveCfg = Release|Any CPU
		{EA18EC6B-C26B-4578-9125-6FB8904596BD}.Release|Any CPU.Build.0 = Release|Any CPU
		{71A5AF43-9182-48E1-B988-2D41EFAF94D3}.Debug|Any CPU.ActiveCfg = Debug|Any CPU
		{71A5AF43-9182-48E1-B988-2D41EFAF94D3}.Debug|Any CPU.Build.0 = Debug|Any CPU
		{71A5AF43-9182-48E1-B988-2D41EFAF94D3}.Release|Any CPU.ActiveCfg = Release|Any CPU
		{71A5AF43-9182-48E1-B988-2D41EFAF94D3}.Release|Any CPU.Build.0 = Release|Any CPU
	EndGlobalSection
	GlobalSection(SolutionProperties) = preSolution
		HideSolutionNode = FALSE
	EndGlobalSection
	GlobalSection(ExtensibilityGlobals) = postSolution
		SolutionGuid = {69F8CFFD-6230-4062-96BE-F3A1CF3544F9}
	EndGlobalSection
EndGlobal
